
Microsoft Visual Studio Solution File, Format Version 12.00
# Visual Studio Version 17
VisualStudioVersion = 17.0.32112.339
MinimumVisualStudioVersion = 10.0.40219.1
Project("{FAE04EC0-301F-11D3-BF4B-00C04F79EFBC}") = "IMC.UWP", "IMC\IMC.UWP\IMC.UWP.csproj", "{D24436D6-6039-4FE6-B5E2-BBF0843331BF}"
EndProject
Project("{FAE04EC0-301F-11D3-BF4B-00C04F79EFBC}") = "IMC.Android", "IMC\IMC.Android\IMC.Android.csproj", "{0072DCAB-E02E-447B-B6A7-3B8E180F9DC2}"
EndProject
Project("{FAE04EC0-301F-11D3-BF4B-00C04F79EFBC}") = "IMC", "IMC\IMC\IMC.csproj", "{F0A15910-4405-4835-B517-F3A065A05C55}"
EndProject
Global
	GlobalSection(SolutionConfigurationPlatforms) = preSolution
		Debug|Any CPU = Debug|Any CPU
		Debug|ARM = Debug|ARM
		Debug|x64 = Debug|x64
		Debug|x86 = Debug|x86
		Release|Any CPU = Release|Any CPU
		Release|ARM = Release|ARM
		Release|x64 = Release|x64
		Release|x86 = Release|x86
	EndGlobalSection
	GlobalSection(ProjectConfigurationPlatforms) = postSolution
		{D24436D6-6039-4FE6-B5E2-BBF0843331BF}.Debug|Any CPU.ActiveCfg = Debug|x64
		{D24436D6-6039-4FE6-B5E2-BBF0843331BF}.Debug|Any CPU.Build.0 = Debug|x64
		{D24436D6-6039-4FE6-B5E2-BBF0843331BF}.Debug|Any CPU.Deploy.0 = Debug|x64
		{D24436D6-6039-4FE6-B5E2-BBF0843331BF}.Debug|ARM.ActiveCfg = Debug|ARM
		{D24436D6-6039-4FE6-B5E2-BBF0843331BF}.Debug|ARM.Build.0 = Debug|ARM
		{D24436D6-6039-4FE6-B5E2-BBF0843331BF}.Debug|ARM.Deploy.0 = Debug|ARM
		{D24436D6-6039-4FE6-B5E2-BBF0843331BF}.Debug|x64.ActiveCfg = Debug|x64
		{D24436D6-6039-4FE6-B5E2-BBF0843331BF}.Debug|x64.Build.0 = Debug|x64
		{D24436D6-6039-4FE6-B5E2-BBF0843331BF}.Debug|x64.Deploy.0 = Debug|x64
		{D24436D6-6039-4FE6-B5E2-BBF0843331BF}.Debug|x86.ActiveCfg = Debug|x86
		{D24436D6-6039-4FE6-B5E2-BBF0843331BF}.Debug|x86.Build.0 = Debug|x86
		{D24436D6-6039-4FE6-B5E2-BBF0843331BF}.Debug|x86.Deploy.0 = Debug|x86
		{D24436D6-6039-4FE6-B5E2-BBF0843331BF}.Release|Any CPU.ActiveCfg = Release|x64
		{D24436D6-6039-4FE6-B5E2-BBF0843331BF}.Release|Any CPU.Build.0 = Release|x64
		{D24436D6-6039-4FE6-B5E2-BBF0843331BF}.Release|Any CPU.Deploy.0 = Release|x64
		{D24436D6-6039-4FE6-B5E2-BBF0843331BF}.Release|ARM.ActiveCfg = Release|ARM
		{D24436D6-6039-4FE6-B5E2-BBF0843331BF}.Release|ARM.Build.0 = Release|ARM
		{D24436D6-6039-4FE6-B5E2-BBF0843331BF}.Release|ARM.Deploy.0 = Release|ARM
		{D24436D6-6039-4FE6-B5E2-BBF0843331BF}.Release|x64.ActiveCfg = Release|x64
		{D24436D6-6039-4FE6-B5E2-BBF0843331BF}.Release|x64.Build.0 = Release|x64
		{D24436D6-6039-4FE6-B5E2-BBF0843331BF}.Release|x64.Deploy.0 = Release|x64
		{D24436D6-6039-4FE6-B5E2-BBF0843331BF}.Release|x86.ActiveCfg = Release|x86
		{D24436D6-6039-4FE6-B5E2-BBF0843331BF}.Release|x86.Build.0 = Release|x86
		{D24436D6-6039-4FE6-B5E2-BBF0843331BF}.Release|x86.Deploy.0 = Release|x86
		{0072DCAB-E02E-447B-B6A7-3B8E180F9DC2}.Debug|Any CPU.ActiveCfg = Debug|Any CPU
		{0072DCAB-E02E-447B-B6A7-3B8E180F9DC2}.Debug|Any CPU.Build.0 = Debug|Any CPU
		{0072DCAB-E02E-447B-B6A7-3B8E180F9DC2}.Debug|Any CPU.Deploy.0 = Debug|Any CPU
		{0072DCAB-E02E-447B-B6A7-3B8E180F9DC2}.Debug|ARM.ActiveCfg = Debug|Any CPU
		{0072DCAB-E02E-447B-B6A7-3B8E180F9DC2}.Debug|ARM.Build.0 = Debug|Any CPU
		{0072DCAB-E02E-447B-B6A7-3B8E180F9DC2}.Debug|ARM.Deploy.0 = Debug|Any CPU
		{0072DCAB-E02E-447B-B6A7-3B8E180F9DC2}.Debug|x64.ActiveCfg = Debug|Any CPU
		{0072DCAB-E02E-447B-B6A7-3B8E180F9DC2}.Debug|x64.Build.0 = Debug|Any CPU
		{0072DCAB-E02E-447B-B6A7-3B8E180F9DC2}.Debug|x64.Deploy.0 = Debug|Any CPU
		{0072DCAB-E02E-447B-B6A7-3B8E180F9DC2}.Debug|x86.ActiveCfg = Debug|Any CPU
		{0072DCAB-E02E-447B-B6A7-3B8E180F9DC2}.Debug|x86.Build.0 = Debug|Any CPU
		{0072DCAB-E02E-447B-B6A7-3B8E180F9DC2}.Debug|x86.Deploy.0 = Debug|Any CPU
		{0072DCAB-E02E-447B-B6A7-3B8E180F9DC2}.Release|Any CPU.ActiveCfg = Release|Any CPU
		{0072DCAB-E02E-447B-B6A7-3B8E180F9DC2}.Release|Any CPU.Build.0 = Release|Any CPU
		{0072DCAB-E02E-447B-B6A7-3B8E180F9DC2}.Release|Any CPU.Deploy.0 = Release|Any CPU
		{0072DCAB-E02E-447B-B6A7-3B8E180F9DC2}.Release|ARM.ActiveCfg = Release|Any CPU
		{0072DCAB-E02E-447B-B6A7-3B8E180F9DC2}.Release|ARM.Build.0 = Release|Any CPU
		{0072DCAB-E02E-447B-B6A7-3B8E180F9DC2}.Release|ARM.Deploy.0 = Release|Any CPU
		{0072DCAB-E02E-447B-B6A7-3B8E180F9DC2}.Release|x64.ActiveCfg = Release|Any CPU
		{0072DCAB-E02E-447B-B6A7-3B8E180F9DC2}.Release|x64.Build.0 = Release|Any CPU
		{0072DCAB-E02E-447B-B6A7-3B8E180F9DC2}.Release|x64.Deploy.0 = Release|Any CPU
		{0072DCAB-E02E-447B-B6A7-3B8E180F9DC2}.Release|x86.ActiveCfg = Release|Any CPU
		{0072DCAB-E02E-447B-B6A7-3B8E180F9DC2}.Release|x86.Build.0 = Release|Any CPU
		{0072DCAB-E02E-447B-B6A7-3B8E180F9DC2}.Release|x86.Deploy.0 = Release|Any CPU
		{F0A15910-4405-4835-B517-F3A065A05C55}.Debug|Any CPU.ActiveCfg = Debug|Any CPU
		{F0A15910-4405-4835-B517-F3A065A05C55}.Debug|Any CPU.Build.0 = Debug|Any CPU
		{F0A15910-4405-4835-B517-F3A065A05C55}.Debug|Any CPU.Deploy.0 = Debug|Any CPU
		{F0A15910-4405-4835-B517-F3A065A05C55}.Debug|ARM.ActiveCfg = Debug|Any CPU
		{F0A15910-4405-4835-B517-F3A065A05C55}.Debug|ARM.Build.0 = Debug|Any CPU
		{F0A15910-4405-4835-B517-F3A065A05C55}.Debug|ARM.Deploy.0 = Debug|Any CPU
		{F0A15910-4405-4835-B517-F3A065A05C55}.Debug|x64.ActiveCfg = Debug|Any CPU
		{F0A15910-4405-4835-B517-F3A065A05C55}.Debug|x64.Build.0 = Debug|Any CPU
		{F0A15910-4405-4835-B517-F3A065A05C55}.Debug|x64.Deploy.0 = Debug|Any CPU
		{F0A15910-4405-4835-B517-F3A065A05C55}.Debug|x86.ActiveCfg = Debug|Any CPU
		{F0A15910-4405-4835-B517-F3A065A05C55}.Debug|x86.Build.0 = Debug|Any CPU
		{F0A15910-4405-4835-B517-F3A065A05C55}.Debug|x86.Deploy.0 = Debug|Any CPU
		{F0A15910-4405-4835-B517-F3A065A05C55}.Release|Any CPU.ActiveCfg = Release|Any CPU
		{F0A15910-4405-4835-B517-F3A065A05C55}.Release|Any CPU.Build.0 = Release|Any CPU
		{F0A15910-4405-4835-B517-F3A065A05C55}.Release|Any CPU.Deploy.0 = Release|Any CPU
		{F0A15910-4405-4835-B517-F3A065A05C55}.Release|ARM.ActiveCfg = Release|Any CPU
		{F0A15910-4405-4835-B517-F3A065A05C55}.Release|ARM.Build.0 = Release|Any CPU
		{F0A15910-4405-4835-B517-F3A065A05C55}.Release|ARM.Deploy.0 = Release|Any CPU
		{F0A15910-4405-4835-B517-F3A065A05C55}.Release|x64.ActiveCfg = Release|Any CPU
		{F0A15910-4405-4835-B517-F3A065A05C55}.Release|x64.Build.0 = Release|Any CPU
		{F0A15910-4405-4835-B517-F3A065A05C55}.Release|x64.Deploy.0 = Release|Any CPU
		{F0A15910-4405-4835-B517-F3A065A05C55}.Release|x86.ActiveCfg = Release|Any CPU
		{F0A15910-4405-4835-B517-F3A065A05C55}.Release|x86.Build.0 = Release|Any CPU
		{F0A15910-4405-4835-B517-F3A065A05C55}.Release|x86.Deploy.0 = Release|Any CPU
	EndGlobalSection
	GlobalSection(SolutionProperties) = preSolution
		HideSolutionNode = FALSE
	EndGlobalSection
	GlobalSection(ExtensibilityGlobals) = postSolution
		SolutionGuid = {3D98A97F-D651-438E-AAE2-AF5AFE93E08E}
	EndGlobalSection
EndGlobal
